
Microsoft Visual Studio Solution File, Format Version 12.00
# Visual Studio 2013
VisualStudioVersion = 12.0.30110.0
MinimumVisualStudioVersion = 10.0.40219.1
Project("{FAE04EC0-301F-11D3-BF4B-00C04F79EFBC}") = "NuGetPAWS.Web", "NuGetPAWS.Web\NuGetPAWS.Web.csproj", "{E55FA90A-1F1B-4136-A5FB-A7A8C2409967}"
EndProject
Project("{FAE04EC0-301F-11D3-BF4B-00C04F79EFBC}") = "NuGetPAWS.Web.Tests", "NuGetPAWS.Web.Tests\NuGetPAWS.Web.Tests.csproj", "{0E26BE1E-BB47-4C69-8383-FE57F28BBEDA}"
EndProject
Project("{FAE04EC0-301F-11D3-BF4B-00C04F79EFBC}") = "NuGetPAWS.ConsoleApp", "NuGetPAWS.ConsoleApp\NuGetPAWS.ConsoleApp.csproj", "{FADB30FF-A4CE-4A7B-BCAA-17FBEC3D0468}"
EndProject
Global
	GlobalSection(SolutionConfigurationPlatforms) = preSolution
		Debug|Any CPU = Debug|Any CPU
		Release|Any CPU = Release|Any CPU
	EndGlobalSection
	GlobalSection(ProjectConfigurationPlatforms) = postSolution
		{E55FA90A-1F1B-4136-A5FB-A7A8C2409967}.Debug|Any CPU.ActiveCfg = Debug|Any CPU
		{E55FA90A-1F1B-4136-A5FB-A7A8C2409967}.Debug|Any CPU.Build.0 = Debug|Any CPU
		{E55FA90A-1F1B-4136-A5FB-A7A8C2409967}.Release|Any CPU.ActiveCfg = Release|Any CPU
		{E55FA90A-1F1B-4136-A5FB-A7A8C2409967}.Release|Any CPU.Build.0 = Release|Any CPU
		{0E26BE1E-BB47-4C69-8383-FE57F28BBEDA}.Debug|Any CPU.ActiveCfg = Debug|Any CPU
		{0E26BE1E-BB47-4C69-8383-FE57F28BBEDA}.Debug|Any CPU.Build.0 = Debug|Any CPU
		{0E26BE1E-BB47-4C69-8383-FE57F28BBEDA}.Release|Any CPU.ActiveCfg = Release|Any CPU
		{0E26BE1E-BB47-4C69-8383-FE57F28BBEDA}.Release|Any CPU.Build.0 = Release|Any CPU
		{FADB30FF-A4CE-4A7B-BCAA-17FBEC3D0468}.Debug|Any CPU.ActiveCfg = Debug|Any CPU
		{FADB30FF-A4CE-4A7B-BCAA-17FBEC3D0468}.Debug|Any CPU.Build.0 = Debug|Any CPU
		{FADB30FF-A4CE-4A7B-BCAA-17FBEC3D0468}.Release|Any CPU.ActiveCfg = Release|Any CPU
		{FADB30FF-A4CE-4A7B-BCAA-17FBEC3D0468}.Release|Any CPU.Build.0 = Release|Any CPU
	EndGlobalSection
	GlobalSection(SolutionProperties) = preSolution
		HideSolutionNode = FALSE
	EndGlobalSection
EndGlobal
